
Microsoft Visual Studio Solution File, Format Version 12.00
# Visual Studio 15
VisualStudioVersion = 15.0.27703.2047
MinimumVisualStudioVersion = 10.0.40219.1
Project("{FAE04EC0-301F-11D3-BF4B-00C04F79EFBC}") = "Sanctum.Web", "Sanctum\Sanctum.Web\Sanctum.Web.csproj", "{608198A2-B418-414D-99E0-9447D40CD89C}"
EndProject
Global
	GlobalSection(SolutionConfigurationPlatforms) = preSolution
		Debug|Any CPU = Debug|Any CPU
		Release|Any CPU = Release|Any CPU
	EndGlobalSection
	GlobalSection(ProjectConfigurationPlatforms) = postSolution
		{608198A2-B418-414D-99E0-9447D40CD89C}.Debug|Any CPU.ActiveCfg = Debug|Any CPU
		{608198A2-B418-414D-99E0-9447D40CD89C}.Debug|Any CPU.Build.0 = Debug|Any CPU
		{608198A2-B418-414D-99E0-9447D40CD89C}.Release|Any CPU.ActiveCfg = Release|Any CPU
		{608198A2-B418-414D-99E0-9447D40CD89C}.Release|Any CPU.Build.0 = Release|Any CPU
	EndGlobalSection
	GlobalSection(SolutionProperties) = preSolution
		HideSolutionNode = FALSE
	EndGlobalSection
	GlobalSection(ExtensibilityGlobals) = postSolution
		SolutionGuid = {47223F93-38CC-4A7F-A4B6-1A1ABDC166A0}
	EndGlobalSection
EndGlobal
